// !$*UTF8*$!
{
	archiveVersion = 1;
	classes = {
	};
	objectVersion = 77;
	objects = {

/* Begin PBXBuildFile section */
		CCD4A6282DD3C74700540C2A /* SwiftTradingAppTestApp.swift in Sources */ = {isa = PBXBuildFile; fileRef = CCD4A6272DD3C74700540C2A /* SwiftTradingAppTestApp.swift */; };
		CCD4A62A2DD3C74700540C2A /* ContentView.swift in Sources */ = {isa = PBXBuildFile; fileRef = CCD4A6292DD3C74700540C2A /* ContentView.swift */; };
		CCD4A62C2DD3C74B00540C2A /* Assets.xcassets in Resources */ = {isa = PBXBuildFile; fileRef = CCD4A62B2DD3C74B00540C2A /* Assets.xcassets */; };
		CCD4A6552DD3D1CC00540C2A /* Color.swift in Sources */ = {isa = PBXBuildFile; fileRef = CCD4A6532DD3D1CC00540C2A /* Color.swift */; };
		CCD4A65B2DD3D21F00540C2A /* HomeView.swift in Sources */ = {isa = PBXBuildFile; fileRef = CCD4A65A2DD3D21F00540C2A /* HomeView.swift */; };
		CCD4A6602DD3D30C00540C2A /* CircleButtonView.swift in Sources */ = {isa = PBXBuildFile; fileRef = CCD4A65F2DD3D30C00540C2A /* CircleButtonView.swift */; };
		CCD4A6622DD3DC3D00540C2A /* CircleButtonAnimationView.swift in Sources */ = {isa = PBXBuildFile; fileRef = CCD4A6612DD3DC3D00540C2A /* CircleButtonAnimationView.swift */; };
		CCD4A6A92DD3E6FB00540C2A /* CoinModel.swift in Sources */ = {isa = PBXBuildFile; fileRef = CCD4A6A82DD3E6FB00540C2A /* CoinModel.swift */; };
		CCD4A6AE2DD3ED9D00540C2A /* CoinRowView.swift in Sources */ = {isa = PBXBuildFile; fileRef = CCD4A6AD2DD3ED9D00540C2A /* CoinRowView.swift */; };
		CCD4A6B02DD3EE0B00540C2A /* PreviewProvider.swift in Sources */ = {isa = PBXBuildFile; fileRef = CCD4A6AF2DD3EE0B00540C2A /* PreviewProvider.swift */; };
		CCD4A6B22DD3F3B900540C2A /* Double.swift in Sources */ = {isa = PBXBuildFile; fileRef = CCD4A6B12DD3F3B900540C2A /* Double.swift */; };
/* End PBXBuildFile section */

/* Begin PBXFileReference section */
		CCD4A6242DD3C74700540C2A /* SwiftTradingAppTest.app */ = {isa = PBXFileReference; explicitFileType = wrapper.application; includeInIndex = 0; name = SwiftTradingAppTest.app; path = "/Users/alexissmith/devMess/SwiftTradingAppTest/build/Debug-iphoneos/SwiftTradingAppTest.app"; sourceTree = "<absolute>"; };
		CCD4A6272DD3C74700540C2A /* SwiftTradingAppTestApp.swift */ = {isa = PBXFileReference; lastKnownFileType = sourcecode.swift; path = SwiftTradingAppTestApp.swift; sourceTree = "<group>"; };
		CCD4A6292DD3C74700540C2A /* ContentView.swift */ = {isa = PBXFileReference; lastKnownFileType = sourcecode.swift; path = ContentView.swift; sourceTree = "<group>"; };
		CCD4A62B2DD3C74B00540C2A /* Assets.xcassets */ = {isa = PBXFileReference; lastKnownFileType = folder.assetcatalog; path = Assets.xcassets; sourceTree = "<group>"; };
		CCD4A6532DD3D1CC00540C2A /* Color.swift */ = {isa = PBXFileReference; lastKnownFileType = sourcecode.swift; path = Color.swift; sourceTree = "<group>"; };
		CCD4A65A2DD3D21F00540C2A /* HomeView.swift */ = {isa = PBXFileReference; lastKnownFileType = sourcecode.swift; path = HomeView.swift; sourceTree = "<group>"; };
		CCD4A65F2DD3D30C00540C2A /* CircleButtonView.swift */ = {isa = PBXFileReference; lastKnownFileType = sourcecode.swift; path = CircleButtonView.swift; sourceTree = "<group>"; };
		CCD4A6612DD3DC3D00540C2A /* CircleButtonAnimationView.swift */ = {isa = PBXFileReference; lastKnownFileType = sourcecode.swift; path = CircleButtonAnimationView.swift; sourceTree = "<group>"; };
		CCD4A6A82DD3E6FB00540C2A /* CoinModel.swift */ = {isa = PBXFileReference; lastKnownFileType = sourcecode.swift; path = CoinModel.swift; sourceTree = "<group>"; };
		CCD4A6AD2DD3ED9D00540C2A /* CoinRowView.swift */ = {isa = PBXFileReference; lastKnownFileType = sourcecode.swift; path = CoinRowView.swift; sourceTree = "<group>"; };
		CCD4A6AF2DD3EE0B00540C2A /* PreviewProvider.swift */ = {isa = PBXFileReference; lastKnownFileType = sourcecode.swift; path = PreviewProvider.swift; sourceTree = "<group>"; };
		CCD4A6B12DD3F3B900540C2A /* Double.swift */ = {isa = PBXFileReference; lastKnownFileType = sourcecode.swift; path = Double.swift; sourceTree = "<group>"; };
/* End PBXFileReference section */

/* Begin PBXFrameworksBuildPhase section */
		CCD4A6212DD3C74700540C2A /* Frameworks */ = {
			isa = PBXFrameworksBuildPhase;
			buildActionMask = 2147483647;
			files = (
			);
			runOnlyForDeploymentPostprocessing = 0;
		};
/* End PBXFrameworksBuildPhase section */

/* Begin PBXGroup section */
		CCD4A61B2DD3C74700540C2A = {
			isa = PBXGroup;
			children = (
				CCD4A62B2DD3C74B00540C2A /* Assets.xcassets */,
				CCD4A6A72DD3E6E300540C2A /* Models */,
				CCD4A65C2DD3D23300540C2A /* Extensions */,
				CCD4A6292DD3C74700540C2A /* ContentView.swift */,
				CCD4A6562DD3D1EA00540C2A /* Core */,
				CCD4A6272DD3C74700540C2A /* SwiftTradingAppTestApp.swift */,
			);
			sourceTree = "<group>";
		};
		CCD4A6562DD3D1EA00540C2A /* Core */ = {
			isa = PBXGroup;
			children = (
				CCD4A65D2DD3D2E700540C2A /* Components */,
				CCD4A6572DD3D1F500540C2A /* Home */,
			);
			path = Core;
			sourceTree = "<group>";
		};
		CCD4A6572DD3D1F500540C2A /* Home */ = {
			isa = PBXGroup;
			children = (
				CCD4A6592DD3D20800540C2A /* Views */,
				CCD4A6582DD3D1FF00540C2A /* ViewModels */,
			);
			path = Home;
			sourceTree = "<group>";
		};
		CCD4A6582DD3D1FF00540C2A /* ViewModels */ = {
			isa = PBXGroup;
			children = (
			);
			path = ViewModels;
			sourceTree = "<group>";
		};
		CCD4A6592DD3D20800540C2A /* Views */ = {
			isa = PBXGroup;
			children = (
				CCD4A65A2DD3D21F00540C2A /* HomeView.swift */,
				CCD4A6AD2DD3ED9D00540C2A /* CoinRowView.swift */,
			);
			path = Views;
			sourceTree = "<group>";
		};
		CCD4A65C2DD3D23300540C2A /* Extensions */ = {
			isa = PBXGroup;
			children = (
				CCD4A6532DD3D1CC00540C2A /* Color.swift */,
				CCD4A6AF2DD3EE0B00540C2A /* PreviewProvider.swift */,
				CCD4A6B12DD3F3B900540C2A /* Double.swift */,
			);
			path = Extensions;
			sourceTree = "<group>";
		};
		CCD4A65D2DD3D2E700540C2A /* Components */ = {
			isa = PBXGroup;
			children = (
				CCD4A65E2DD3D2F800540C2A /* CircleButton */,
			);
			path = Components;
			sourceTree = "<group>";
		};
		CCD4A65E2DD3D2F800540C2A /* CircleButton */ = {
			isa = PBXGroup;
			children = (
				CCD4A65F2DD3D30C00540C2A /* CircleButtonView.swift */,
				CCD4A6612DD3DC3D00540C2A /* CircleButtonAnimationView.swift */,
			);
			path = CircleButton;
			sourceTree = "<group>";
		};
		CCD4A6A72DD3E6E300540C2A /* Models */ = {
			isa = PBXGroup;
			children = (
				CCD4A6A82DD3E6FB00540C2A /* CoinModel.swift */,
			);
			path = Models;
			sourceTree = "<group>";
		};
/* End PBXGroup section */

/* Begin PBXNativeTarget section */
		CCD4A6232DD3C74700540C2A /* SwiftTradingAppTest */ = {
			isa = PBXNativeTarget;
			buildConfigurationList = CCD4A62F2DD3C74B00540C2A /* Build configuration list for PBXNativeTarget "SwiftTradingAppTest" */;
			buildPhases = (
				CCD4A6202DD3C74700540C2A /* Sources */,
				CCD4A6212DD3C74700540C2A /* Frameworks */,
				CCD4A6222DD3C74700540C2A /* Resources */,
			);
			buildRules = (
			);
			dependencies = (
			);
			name = SwiftTradingAppTest;
			packageProductDependencies = (
			);
			productName = SwiftTradingAppTest;
			productReference = CCD4A6242DD3C74700540C2A /* SwiftTradingAppTest.app */;
			productType = "com.apple.product-type.application";
		};
/* End PBXNativeTarget section */

/* Begin PBXProject section */
		CCD4A61C2DD3C74700540C2A /* Project object */ = {
			isa = PBXProject;
			attributes = {
				BuildIndependentTargetsInParallel = 1;
				LastSwiftUpdateCheck = 1630;
				LastUpgradeCheck = 1630;
				TargetAttributes = {
					CCD4A6232DD3C74700540C2A = {
						CreatedOnToolsVersion = 16.3;
					};
				};
			};
			buildConfigurationList = CCD4A61F2DD3C74700540C2A /* Build configuration list for PBXProject "SwiftTradingAppTest" */;
			developmentRegion = en;
			hasScannedForEncodings = 0;
			knownRegions = (
				en,
				Base,
			);
			mainGroup = CCD4A61B2DD3C74700540C2A;
			minimizedProjectReferenceProxies = 1;
			preferredProjectObjectVersion = 77;
			productRefGroup = CCD4A61B2DD3C74700540C2A;
			projectDirPath = "";
			projectRoot = "";
			targets = (
				CCD4A6232DD3C74700540C2A /* SwiftTradingAppTest */,
			);
		};
/* End PBXProject section */

/* Begin PBXResourcesBuildPhase section */
		CCD4A6222DD3C74700540C2A /* Resources */ = {
			isa = PBXResourcesBuildPhase;
			buildActionMask = 2147483647;
			files = (
				CCD4A62C2DD3C74B00540C2A /* Assets.xcassets in Resources */,
			);
			runOnlyForDeploymentPostprocessing = 0;
		};
/* End PBXResourcesBuildPhase section */

/* Begin PBXSourcesBuildPhase section */
		CCD4A6202DD3C74700540C2A /* Sources */ = {
			isa = PBXSourcesBuildPhase;
			buildActionMask = 2147483647;
			files = (
				CCD4A6AE2DD3ED9D00540C2A /* CoinRowView.swift in Sources */,
				CCD4A6552DD3D1CC00540C2A /* Color.swift in Sources */,
				CCD4A62A2DD3C74700540C2A /* ContentView.swift in Sources */,
				CCD4A65B2DD3D21F00540C2A /* HomeView.swift in Sources */,
				CCD4A6602DD3D30C00540C2A /* CircleButtonView.swift in Sources */,
				CCD4A6282DD3C74700540C2A /* SwiftTradingAppTestApp.swift in Sources */,
				CCD4A6622DD3DC3D00540C2A /* CircleButtonAnimationView.swift in Sources */,
				CCD4A6B02DD3EE0B00540C2A /* PreviewProvider.swift in Sources */,
				CCD4A6B22DD3F3B900540C2A /* Double.swift in Sources */,
				CCD4A6A92DD3E6FB00540C2A /* CoinModel.swift in Sources */,
			);
			runOnlyForDeploymentPostprocessing = 0;
		};
/* End PBXSourcesBuildPhase section */

/* Begin XCBuildConfiguration section */
		CCD4A62D2DD3C74B00540C2A /* Debug */ = {
			isa = XCBuildConfiguration;
			buildSettings = {
				ALWAYS_SEARCH_USER_PATHS = NO;
				ASSETCATALOG_COMPILER_GENERATE_SWIFT_ASSET_SYMBOL_EXTENSIONS = YES;
				CLANG_ANALYZER_NONNULL = YES;
				CLANG_ANALYZER_NUMBER_OBJECT_CONVERSION = YES_AGGRESSIVE;
				CLANG_CXX_LANGUAGE_STANDARD = "gnu++20";
				CLANG_ENABLE_MODULES = YES;
				CLANG_ENABLE_OBJC_ARC = YES;
				CLANG_ENABLE_OBJC_WEAK = YES;
				CLANG_WARN_BLOCK_CAPTURE_AUTORELEASING = YES;
				CLANG_WARN_BOOL_CONVERSION = YES;
				CLANG_WARN_COMMA = YES;
				CLANG_WARN_CONSTANT_CONVERSION = YES;
				CLANG_WARN_DEPRECATED_OBJC_IMPLEMENTATIONS = YES;
				CLANG_WARN_DIRECT_OBJC_ISA_USAGE = YES_ERROR;
				CLANG_WARN_DOCUMENTATION_COMMENTS = YES;
				CLANG_WARN_EMPTY_BODY = YES;
				CLANG_WARN_ENUM_CONVERSION = YES;
				CLANG_WARN_INFINITE_RECURSION = YES;
				CLANG_WARN_INT_CONVERSION = YES;
				CLANG_WARN_NON_LITERAL_NULL_CONVERSION = YES;
				CLANG_WARN_OBJC_IMPLICIT_RETAIN_SELF = YES;
				CLANG_WARN_OBJC_LITERAL_CONVERSION = YES;
				CLANG_WARN_OBJC_ROOT_CLASS = YES_ERROR;
				CLANG_WARN_QUOTED_INCLUDE_IN_FRAMEWORK_HEADER = YES;
				CLANG_WARN_RANGE_LOOP_ANALYSIS = YES;
				CLANG_WARN_STRICT_PROTOTYPES = YES;
				CLANG_WARN_SUSPICIOUS_MOVE = YES;
				CLANG_WARN_UNGUARDED_AVAILABILITY = YES_AGGRESSIVE;
				CLANG_WARN_UNREACHABLE_CODE = YES;
				CLANG_WARN__DUPLICATE_METHOD_MATCH = YES;
				COPY_PHASE_STRIP = NO;
				DEBUG_INFORMATION_FORMAT = dwarf;
				DEVELOPMENT_TEAM = 62HL7KJK67;
				ENABLE_STRICT_OBJC_MSGSEND = YES;
				ENABLE_TESTABILITY = YES;
				ENABLE_USER_SCRIPT_SANDBOXING = YES;
				GCC_C_LANGUAGE_STANDARD = gnu17;
				GCC_DYNAMIC_NO_PIC = NO;
				GCC_NO_COMMON_BLOCKS = YES;
				GCC_OPTIMIZATION_LEVEL = 0;
				GCC_PREPROCESSOR_DEFINITIONS = (
					"DEBUG=1",
					"$(inherited)",
				);
				GCC_WARN_64_TO_32_BIT_CONVERSION = YES;
				GCC_WARN_ABOUT_RETURN_TYPE = YES_ERROR;
				GCC_WARN_UNDECLARED_SELECTOR = YES;
				GCC_WARN_UNINITIALIZED_AUTOS = YES_AGGRESSIVE;
				GCC_WARN_UNUSED_FUNCTION = YES;
				GCC_WARN_UNUSED_VARIABLE = YES;
				IPHONEOS_DEPLOYMENT_TARGET = 18.4;
				LOCALIZATION_PREFERS_STRING_CATALOGS = YES;
				MTL_ENABLE_DEBUG_INFO = INCLUDE_SOURCE;
				MTL_FAST_MATH = YES;
				ONLY_ACTIVE_ARCH = YES;
				SDKROOT = iphoneos;
				SWIFT_ACTIVE_COMPILATION_CONDITIONS = "DEBUG $(inherited)";
				SWIFT_OPTIMIZATION_LEVEL = "-Onone";
			};
			name = Debug;
		};
		CCD4A62E2DD3C74B00540C2A /* Release */ = {
			isa = XCBuildConfiguration;
			buildSettings = {
				ALWAYS_SEARCH_USER_PATHS = NO;
				ASSETCATALOG_COMPILER_GENERATE_SWIFT_ASSET_SYMBOL_EXTENSIONS = YES;
				CLANG_ANALYZER_NONNULL = YES;
				CLANG_ANALYZER_NUMBER_OBJECT_CONVERSION = YES_AGGRESSIVE;
				CLANG_CXX_LANGUAGE_STANDARD = "gnu++20";
				CLANG_ENABLE_MODULES = YES;
				CLANG_ENABLE_OBJC_ARC = YES;
				CLANG_ENABLE_OBJC_WEAK = YES;
				CLANG_WARN_BLOCK_CAPTURE_AUTORELEASING = YES;
				CLANG_WARN_BOOL_CONVERSION = YES;
				CLANG_WARN_COMMA = YES;
				CLANG_WARN_CONSTANT_CONVERSION = YES;
				CLANG_WARN_DEPRECATED_OBJC_IMPLEMENTATIONS = YES;
				CLANG_WARN_DIRECT_OBJC_ISA_USAGE = YES_ERROR;
				CLANG_WARN_DOCUMENTATION_COMMENTS = YES;
				CLANG_WARN_EMPTY_BODY = YES;
				CLANG_WARN_ENUM_CONVERSION = YES;
				CLANG_WARN_INFINITE_RECURSION = YES;
				CLANG_WARN_INT_CONVERSION = YES;
				CLANG_WARN_NON_LITERAL_NULL_CONVERSION = YES;
				CLANG_WARN_OBJC_IMPLICIT_RETAIN_SELF = YES;
				CLANG_WARN_OBJC_LITERAL_CONVERSION = YES;
				CLANG_WARN_OBJC_ROOT_CLASS = YES_ERROR;
				CLANG_WARN_QUOTED_INCLUDE_IN_FRAMEWORK_HEADER = YES;
				CLANG_WARN_RANGE_LOOP_ANALYSIS = YES;
				CLANG_WARN_STRICT_PROTOTYPES = YES;
				CLANG_WARN_SUSPICIOUS_MOVE = YES;
				CLANG_WARN_UNGUARDED_AVAILABILITY = YES_AGGRESSIVE;
				CLANG_WARN_UNREACHABLE_CODE = YES;
				CLANG_WARN__DUPLICATE_METHOD_MATCH = YES;
				COPY_PHASE_STRIP = NO;
				DEBUG_INFORMATION_FORMAT = "dwarf-with-dsym";
				DEVELOPMENT_TEAM = 62HL7KJK67;
				ENABLE_NS_ASSERTIONS = NO;
				ENABLE_STRICT_OBJC_MSGSEND = YES;
				ENABLE_USER_SCRIPT_SANDBOXING = YES;
				GCC_C_LANGUAGE_STANDARD = gnu17;
				GCC_NO_COMMON_BLOCKS = YES;
				GCC_WARN_64_TO_32_BIT_CONVERSION = YES;
				GCC_WARN_ABOUT_RETURN_TYPE = YES_ERROR;
				GCC_WARN_UNDECLARED_SELECTOR = YES;
				GCC_WARN_UNINITIALIZED_AUTOS = YES_AGGRESSIVE;
				GCC_WARN_UNUSED_FUNCTION = YES;
				GCC_WARN_UNUSED_VARIABLE = YES;
				IPHONEOS_DEPLOYMENT_TARGET = 18.4;
				LOCALIZATION_PREFERS_STRING_CATALOGS = YES;
				MTL_ENABLE_DEBUG_INFO = NO;
				MTL_FAST_MATH = YES;
				SDKROOT = iphoneos;
				SWIFT_COMPILATION_MODE = wholemodule;
				VALIDATE_PRODUCT = YES;
			};
			name = Release;
		};
		CCD4A6302DD3C74B00540C2A /* Debug */ = {
			isa = XCBuildConfiguration;
			buildSettings = {
				ASSETCATALOG_COMPILER_APPICON_NAME = AppIcon;
				ASSETCATALOG_COMPILER_GLOBAL_ACCENT_COLOR_NAME = AccentColor;
				CODE_SIGN_STYLE = Automatic;
				CURRENT_PROJECT_VERSION = 1;
				DEVELOPMENT_TEAM = 62HL7KJK67;
				ENABLE_PREVIEWS = YES;
				GENERATE_INFOPLIST_FILE = YES;
				INFOPLIST_KEY_CFBundleDisplayName = "Crypto Trader";
				INFOPLIST_KEY_UIApplicationSceneManifest_Generation = YES;
				INFOPLIST_KEY_UIApplicationSupportsIndirectInputEvents = YES;
				INFOPLIST_KEY_UILaunchScreen_Generation = YES;
				INFOPLIST_KEY_UISupportedInterfaceOrientations = UIInterfaceOrientationPortrait;
				INFOPLIST_KEY_UISupportedInterfaceOrientations_iPad = "UIInterfaceOrientationPortrait UIInterfaceOrientationPortraitUpsideDown";
				LD_RUNPATH_SEARCH_PATHS = (
					"$(inherited)",
					"@executable_path/Frameworks",
				);
				MARKETING_VERSION = 1.0;
				PRODUCT_BUNDLE_IDENTIFIER = lexlexsq.SwiftTradingAppTest;
				PRODUCT_NAME = "$(TARGET_NAME)";
				SUPPORTED_PLATFORMS = "iphoneos iphonesimulator";
				SUPPORTS_MACCATALYST = NO;
				SUPPORTS_MAC_DESIGNED_FOR_IPHONE_IPAD = NO;
				SUPPORTS_XR_DESIGNED_FOR_IPHONE_IPAD = NO;
				SWIFT_EMIT_LOC_STRINGS = YES;
				SWIFT_VERSION = 5.0;
				TARGETED_DEVICE_FAMILY = "1,2";
			};
			name = Debug;
		};
		CCD4A6312DD3C74B00540C2A /* Release */ = {
			isa = XCBuildConfiguration;
			buildSettings = {
				ASSETCATALOG_COMPILER_APPICON_NAME = AppIcon;
				ASSETCATALOG_COMPILER_GLOBAL_ACCENT_COLOR_NAME = AccentColor;
				CODE_SIGN_STYLE = Automatic;
				CURRENT_PROJECT_VERSION = 1;
				DEVELOPMENT_TEAM = 62HL7KJK67;
				ENABLE_PREVIEWS = YES;
				GENERATE_INFOPLIST_FILE = YES;
				INFOPLIST_KEY_CFBundleDisplayName = "Crypto Trader";
				INFOPLIST_KEY_UIApplicationSceneManifest_Generation = YES;
				INFOPLIST_KEY_UIApplicationSupportsIndirectInputEvents = YES;
				INFOPLIST_KEY_UILaunchScreen_Generation = YES;
				INFOPLIST_KEY_UISupportedInterfaceOrientations = UIInterfaceOrientationPortrait;
				INFOPLIST_KEY_UISupportedInterfaceOrientations_iPad = "UIInterfaceOrientationPortrait UIInterfaceOrientationPortraitUpsideDown";
				LD_RUNPATH_SEARCH_PATHS = (
					"$(inherited)",
					"@executable_path/Frameworks",
				);
				MARKETING_VERSION = 1.0;
				PRODUCT_BUNDLE_IDENTIFIER = lexlexsq.SwiftTradingAppTest;
				PRODUCT_NAME = "$(TARGET_NAME)";
				SUPPORTED_PLATFORMS = "iphoneos iphonesimulator";
				SUPPORTS_MACCATALYST = NO;
				SUPPORTS_MAC_DESIGNED_FOR_IPHONE_IPAD = NO;
				SUPPORTS_XR_DESIGNED_FOR_IPHONE_IPAD = NO;
				SWIFT_EMIT_LOC_STRINGS = YES;
				SWIFT_VERSION = 5.0;
				TARGETED_DEVICE_FAMILY = "1,2";
			};
			name = Release;
		};
/* End XCBuildConfiguration section */

/* Begin XCConfigurationList section */
		CCD4A61F2DD3C74700540C2A /* Build configuration list for PBXProject "SwiftTradingAppTest" */ = {
			isa = XCConfigurationList;
			buildConfigurations = (
				CCD4A62D2DD3C74B00540C2A /* Debug */,
				CCD4A62E2DD3C74B00540C2A /* Release */,
			);
			defaultConfigurationIsVisible = 0;
			defaultConfigurationName = Release;
		};
		CCD4A62F2DD3C74B00540C2A /* Build configuration list for PBXNativeTarget "SwiftTradingAppTest" */ = {
			isa = XCConfigurationList;
			buildConfigurations = (
				CCD4A6302DD3C74B00540C2A /* Debug */,
				CCD4A6312DD3C74B00540C2A /* Release */,
			);
			defaultConfigurationIsVisible = 0;
			defaultConfigurationName = Release;
		};
/* End XCConfigurationList section */
	};
	rootObject = CCD4A61C2DD3C74700540C2A /* Project object */;
}
